
Microsoft Visual Studio Solution File, Format Version 12.00
# Visual Studio Version 17
VisualStudioVersion = 17.0.31611.283
MinimumVisualStudioVersion = 10.0.40219.1
Project("{9A19103F-16F7-4668-BE54-9A1E7A4F7556}") = "EmptyHandv2", "EmptyHandv2.csproj", "{19F51E5F-E14F-420E-9481-C53CB73677D6}"
EndProject
Project("{9A19103F-16F7-4668-BE54-9A1E7A4F7556}") = "Domain", "Domain\Domain.csproj", "{0392DAAA-F2BF-415B-99E2-AE2AABE85985}"
EndProject
Project("{9A19103F-16F7-4668-BE54-9A1E7A4F7556}") = "Services", "Services\Services.csproj", "{9B61DB0A-2C82-4CEE-B60B-D1B385D972CF}"
EndProject
Global
	GlobalSection(SolutionConfigurationPlatforms) = preSolution
		Debug|Any CPU = Debug|Any CPU
		Release|Any CPU = Release|Any CPU
	EndGlobalSection
	GlobalSection(ProjectConfigurationPlatforms) = postSolution
		{19F51E5F-E14F-420E-9481-C53CB73677D6}.Debug|Any CPU.ActiveCfg = Debug|Any CPU
		{19F51E5F-E14F-420E-9481-C53CB73677D6}.Debug|Any CPU.Build.0 = Debug|Any CPU
		{19F51E5F-E14F-420E-9481-C53CB73677D6}.Debug|Any CPU.Deploy.0 = Debug|Any CPU
		{19F51E5F-E14F-420E-9481-C53CB73677D6}.Release|Any CPU.ActiveCfg = Release|Any CPU
		{19F51E5F-E14F-420E-9481-C53CB73677D6}.Release|Any CPU.Build.0 = Release|Any CPU
		{19F51E5F-E14F-420E-9481-C53CB73677D6}.Release|Any CPU.Deploy.0 = Release|Any CPU
		{0392DAAA-F2BF-415B-99E2-AE2AABE85985}.Debug|Any CPU.ActiveCfg = Debug|Any CPU
		{0392DAAA-F2BF-415B-99E2-AE2AABE85985}.Debug|Any CPU.Build.0 = Debug|Any CPU
		{0392DAAA-F2BF-415B-99E2-AE2AABE85985}.Release|Any CPU.ActiveCfg = Release|Any CPU
		{0392DAAA-F2BF-415B-99E2-AE2AABE85985}.Release|Any CPU.Build.0 = Release|Any CPU
		{9B61DB0A-2C82-4CEE-B60B-D1B385D972CF}.Debug|Any CPU.ActiveCfg = Debug|Any CPU
		{9B61DB0A-2C82-4CEE-B60B-D1B385D972CF}.Debug|Any CPU.Build.0 = Debug|Any CPU
		{9B61DB0A-2C82-4CEE-B60B-D1B385D972CF}.Release|Any CPU.ActiveCfg = Release|Any CPU
		{9B61DB0A-2C82-4CEE-B60B-D1B385D972CF}.Release|Any CPU.Build.0 = Release|Any CPU
	EndGlobalSection
	GlobalSection(SolutionProperties) = preSolution
		HideSolutionNode = FALSE
	EndGlobalSection
	GlobalSection(ExtensibilityGlobals) = postSolution
		SolutionGuid = {61F7FB11-1E47-470C-91E2-47F8143E1572}
	EndGlobalSection
EndGlobal
